{
  "name": "keyword-task-post",
  "version": "1.0.0",
  "lockfileVersion": 3,
  "requires": true,
  "packages": {
    "": {
      "name": "keyword-task-post",
      "version": "1.0.0",
      "license": "ISC",
      "dependencies": {
        "@clickhouse/client": "^1.2.0",
        "dataforseo-client": "^1.0.18"
      }
    },
    "node_modules/@clickhouse/client": {
      "version": "1.2.0",
      "resolved": "https://registry.npmjs.org/@clickhouse/client/-/client-1.2.0.tgz",
      "integrity": "sha512-zMp2EhMfp1IrFKr/NjDwNiLsf7nq68nW8lGKszwFe7Iglc6Z5PY9ZA9Hd0XqAk75Q1NmFrkGCP1r3JCM1Nm1Bw==",
      "dependencies": {
        "@clickhouse/client-common": "1.2.0"
      },
      "engines": {
        "node": ">=16"
      }
    },
    "node_modules/@clickhouse/client-common": {
      "version": "1.2.0",
      "resolved": "https://registry.npmjs.org/@clickhouse/client-common/-/client-common-1.2.0.tgz",
      "integrity": "sha512-VfA/C/tVJ2eNe72CaQ7eXmai+yqFEvZjQZiNtvJoOMLP+Vtb6DzqH9nfkgsiHHMhUhhclvt2mFh6+euk1Ea5wA=="
    },
    "node_modules/dataforseo-client": {
      "version": "1.0.18",
      "resolved": "https://registry.npmjs.org/dataforseo-client/-/dataforseo-client-1.0.18.tgz",
      "integrity": "sha512-bn4kOKlsli7ld1nbaNB0wS0vVBS8a4Cjrn/NbUwQR/AgdgCLP5K9BP6uyUuvH9Nm/PrEbamreHgZo3waeCZ1GA=="
    }
  }
}
